
Microsoft Visual Studio Solution File, Format Version 12.00
# Visual Studio Version 17
VisualStudioVersion = 17.5.33530.505
MinimumVisualStudioVersion = 10.0.40219.1
Project("{9A19103F-16F7-4668-BE54-9A1E7A4F7556}") = "webapi", "webapi\webapi.csproj", "{BBF5BB9D-F0E7-442E-AE89-65F30391BDE1}"
EndProject
Global
	GlobalSection(SolutionConfigurationPlatforms) = preSolution
		Debug|Any CPU = Debug|Any CPU
		Release|Any CPU = Release|Any CPU
	EndGlobalSection
	GlobalSection(ProjectConfigurationPlatforms) = postSolution
		{BBF5BB9D-F0E7-442E-AE89-65F30391BDE1}.Debug|Any CPU.ActiveCfg = Debug|Any CPU
		{BBF5BB9D-F0E7-442E-AE89-65F30391BDE1}.Debug|Any CPU.Build.0 = Debug|Any CPU
		{BBF5BB9D-F0E7-442E-AE89-65F30391BDE1}.Release|Any CPU.ActiveCfg = Release|Any CPU
		{BBF5BB9D-F0E7-442E-AE89-65F30391BDE1}.Release|Any CPU.Build.0 = Release|Any CPU
	EndGlobalSection
	GlobalSection(SolutionProperties) = preSolution
		HideSolutionNode = FALSE
	EndGlobalSection
	GlobalSection(ExtensibilityGlobals) = postSolution
		SolutionGuid = {086FA6BC-615A-47F2-962A-93B13C4D52F6}
	EndGlobalSection
EndGlobal
